
Microsoft Visual Studio Solution File, Format Version 12.00
# Visual Studio Version 17
VisualStudioVersion = 17.7.34024.191
MinimumVisualStudioVersion = 10.0.40219.1
Project("{FAE04EC0-301F-11D3-BF4B-00C04F79EFBC}") = "CardGame", "CardGame\CardGame.csproj", "{5F38B5C5-9F42-4FBC-9A7C-949F9C9A490A}"
EndProject
Project("{FAE04EC0-301F-11D3-BF4B-00C04F79EFBC}") = "CardTests", "CardTests\CardTests.csproj", "{397978D3-DF6E-4D1F-B264-7129293F6D31}"
EndProject
Project("{FAE04EC0-301F-11D3-BF4B-00C04F79EFBC}") = "DLL_for_Cards", "..\DLL_for_Cards\DLL_for_Cards\DLL_for_Cards.csproj", "{244510C8-B183-4C22-9E5E-BFE000117BD5}"
EndProject
Global
	GlobalSection(SolutionConfigurationPlatforms) = preSolution
		Debug|Any CPU = Debug|Any CPU
		Release|Any CPU = Release|Any CPU
	EndGlobalSection
	GlobalSection(ProjectConfigurationPlatforms) = postSolution
		{5F38B5C5-9F42-4FBC-9A7C-949F9C9A490A}.Debug|Any CPU.ActiveCfg = Debug|Any CPU
		{5F38B5C5-9F42-4FBC-9A7C-949F9C9A490A}.Debug|Any CPU.Build.0 = Debug|Any CPU
		{5F38B5C5-9F42-4FBC-9A7C-949F9C9A490A}.Release|Any CPU.ActiveCfg = Release|Any CPU
		{5F38B5C5-9F42-4FBC-9A7C-949F9C9A490A}.Release|Any CPU.Build.0 = Release|Any CPU
		{397978D3-DF6E-4D1F-B264-7129293F6D31}.Debug|Any CPU.ActiveCfg = Debug|Any CPU
		{397978D3-DF6E-4D1F-B264-7129293F6D31}.Debug|Any CPU.Build.0 = Debug|Any CPU
		{397978D3-DF6E-4D1F-B264-7129293F6D31}.Release|Any CPU.ActiveCfg = Release|Any CPU
		{397978D3-DF6E-4D1F-B264-7129293F6D31}.Release|Any CPU.Build.0 = Release|Any CPU
		{244510C8-B183-4C22-9E5E-BFE000117BD5}.Debug|Any CPU.ActiveCfg = Debug|Any CPU
		{244510C8-B183-4C22-9E5E-BFE000117BD5}.Debug|Any CPU.Build.0 = Debug|Any CPU
		{244510C8-B183-4C22-9E5E-BFE000117BD5}.Release|Any CPU.ActiveCfg = Release|Any CPU
		{244510C8-B183-4C22-9E5E-BFE000117BD5}.Release|Any CPU.Build.0 = Release|Any CPU
	EndGlobalSection
	GlobalSection(SolutionProperties) = preSolution
		HideSolutionNode = FALSE
	EndGlobalSection
	GlobalSection(ExtensibilityGlobals) = postSolution
		SolutionGuid = {5E747525-66CD-44B5-A90E-13B1B1C608BE}
	EndGlobalSection
EndGlobal
